// !$*UTF8*$!
{
	archiveVersion = 1;
	classes = {
	};
	objectVersion = 46;
	objects = {

/* Begin PBXBuildFile section */
		06379D0E1D4EE40D0039F93A /* main.m in Sources */ = {isa = PBXBuildFile; fileRef = 06379D0D1D4EE40D0039F93A /* main.m */; };
		06379D111D4EE40E0039F93A /* AppDelegate.m in Sources */ = {isa = PBXBuildFile; fileRef = 06379D101D4EE40E0039F93A /* AppDelegate.m */; };
		06379D141D4EE40F0039F93A /* ViewController.m in Sources */ = {isa = PBXBuildFile; fileRef = 06379D131D4EE40F0039F93A /* ViewController.m */; };
		06379D171D4EE4100039F93A /* Main.storyboard in Resources */ = {isa = PBXBuildFile; fileRef = 06379D151D4EE4100039F93A /* Main.storyboard */; };
		06379D191D4EE4110039F93A /* Assets.xcassets in Resources */ = {isa = PBXBuildFile; fileRef = 06379D181D4EE4110039F93A /* Assets.xcassets */; };
		06379D1C1D4EE4120039F93A /* LaunchScreen.storyboard in Resources */ = {isa = PBXBuildFile; fileRef = 06379D1A1D4EE4120039F93A /* LaunchScreen.storyboard */; };
		06379D271D4EE41F0039F93A /* SwizzleSELDemoTests.m in Sources */ = {isa = PBXBuildFile; fileRef = 06379D261D4EE41F0039F93A /* SwizzleSELDemoTests.m */; };
		06379D351D4EEAE60039F93A /* UIViewController+ActivitySwizzle.m in Sources */ = {isa = PBXBuildFile; fileRef = 06379D341D4EEAE60039F93A /* UIViewController+ActivitySwizzle.m */; };
		06379D381D4EFBEB0039F93A /* UIViewController+ActivitySwizzleB.m in Sources */ = {isa = PBXBuildFile; fileRef = 06379D371D4EFBEB0039F93A /* UIViewController+ActivitySwizzleB.m */; };
/* End PBXBuildFile section */

/* Begin PBXContainerItemProxy section */
		06379D231D4EE41D0039F93A /* PBXContainerItemProxy */ = {
			isa = PBXContainerItemProxy;
			containerPortal = 06379D011D4EE40D0039F93A /* Project object */;
			proxyType = 1;
			remoteGlobalIDString = 06379D081D4EE40D0039F93A;
			remoteInfo = SwizzleSELDemo;
		};
/* End PBXContainerItemProxy section */

/* Begin PBXFileReference section */
		06379D091D4EE40D0039F93A /* SwizzleSELDemo.app */ = {isa = PBXFileReference; explicitFileType = wrapper.application; includeInIndex = 0; path = SwizzleSELDemo.app; sourceTree = BUILT_PRODUCTS_DIR; };
		06379D0D1D4EE40D0039F93A /* main.m */ = {isa = PBXFileReference; lastKnownFileType = sourcecode.c.objc; path = main.m; sourceTree = "<group>"; };
		06379D0F1D4EE40D0039F93A /* AppDelegate.h */ = {isa = PBXFileReference; lastKnownFileType = sourcecode.c.h; path = AppDelegate.h; sourceTree = "<group>"; };
		06379D101D4EE40E0039F93A /* AppDelegate.m */ = {isa = PBXFileReference; lastKnownFileType = sourcecode.c.objc; path = AppDelegate.m; sourceTree = "<group>"; };
		06379D121D4EE40E0039F93A /* ViewController.h */ = {isa = PBXFileReference; lastKnownFileType = sourcecode.c.h; path = ViewController.h; sourceTree = "<group>"; };
		06379D131D4EE40F0039F93A /* ViewController.m */ = {isa = PBXFileReference; lastKnownFileType = sourcecode.c.objc; path = ViewController.m; sourceTree = "<group>"; };
		06379D161D4EE4100039F93A /* Base */ = {isa = PBXFileReference; lastKnownFileType = file.storyboard; name = Base; path = Base.lproj/Main.storyboard; sourceTree = "<group>"; };
		06379D181D4EE4110039F93A /* Assets.xcassets */ = {isa = PBXFileReference; lastKnownFileType = folder.assetcatalog; path = Assets.xcassets; sourceTree = "<group>"; };
		06379D1B1D4EE4120039F93A /* Base */ = {isa = PBXFileReference; lastKnownFileType = file.storyboard; name = Base; path = Base.lproj/LaunchScreen.storyboard; sourceTree = "<group>"; };
		06379D1D1D4EE4120039F93A /* Info.plist */ = {isa = PBXFileReference; lastKnownFileType = text.plist.xml; path = Info.plist; sourceTree = "<group>"; };
		06379D221D4EE41D0039F93A /* SwizzleSELDemoTests.xctest */ = {isa = PBXFileReference; explicitFileType = wrapper.cfbundle; includeInIndex = 0; path = SwizzleSELDemoTests.xctest; sourceTree = BUILT_PRODUCTS_DIR; };
		06379D261D4EE41F0039F93A /* SwizzleSELDemoTests.m */ = {isa = PBXFileReference; lastKnownFileType = sourcecode.c.objc; path = SwizzleSELDemoTests.m; sourceTree = "<group>"; };
		06379D281D4EE41F0039F93A /* Info.plist */ = {isa = PBXFileReference; lastKnownFileType = text.plist.xml; path = Info.plist; sourceTree = "<group>"; };
		06379D331D4EEAE60039F93A /* UIViewController+ActivitySwizzle.h */ = {isa = PBXFileReference; fileEncoding = 4; lastKnownFileType = sourcecode.c.h; path = "UIViewController+ActivitySwizzle.h"; sourceTree = "<group>"; };
		06379D341D4EEAE60039F93A /* UIViewController+ActivitySwizzle.m */ = {isa = PBXFileReference; fileEncoding = 4; lastKnownFileType = sourcecode.c.objc; path = "UIViewController+ActivitySwizzle.m"; sourceTree = "<group>"; };
		06379D361D4EFBEB0039F93A /* UIViewController+ActivitySwizzleB.h */ = {isa = PBXFileReference; fileEncoding = 4; lastKnownFileType = sourcecode.c.h; path = "UIViewController+ActivitySwizzleB.h"; sourceTree = "<group>"; };
		06379D371D4EFBEB0039F93A /* UIViewController+ActivitySwizzleB.m */ = {isa = PBXFileReference; fileEncoding = 4; lastKnownFileType = sourcecode.c.objc; path = "UIViewController+ActivitySwizzleB.m"; sourceTree = "<group>"; };
/* End PBXFileReference section */

/* Begin PBXFrameworksBuildPhase section */
		06379D061D4EE40D0039F93A /* Frameworks */ = {
			isa = PBXFrameworksBuildPhase;
			buildActionMask = 2147483647;
			files = (
			);
			runOnlyForDeploymentPostprocessing = 0;
		};
		06379D1F1D4EE41D0039F93A /* Frameworks */ = {
			isa = PBXFrameworksBuildPhase;
			buildActionMask = 2147483647;
			files = (
			);
			runOnlyForDeploymentPostprocessing = 0;
		};
/* End PBXFrameworksBuildPhase section */

/* Begin PBXGroup section */
		06379D001D4EE40D0039F93A = {
			isa = PBXGroup;
			children = (
				06379D321D4EE5820039F93A /* SwizzleSel */,
				06379D0B1D4EE40D0039F93A /* SwizzleSELDemo */,
				06379D251D4EE41E0039F93A /* SwizzleSELDemoTests */,
				06379D0A1D4EE40D0039F93A /* Products */,
			);
			sourceTree = "<group>";
		};
		06379D0A1D4EE40D0039F93A /* Products */ = {
			isa = PBXGroup;
			children = (
				06379D091D4EE40D0039F93A /* SwizzleSELDemo.app */,
				06379D221D4EE41D0039F93A /* SwizzleSELDemoTests.xctest */,
			);
			name = Products;
			sourceTree = "<group>";
		};
		06379D0B1D4EE40D0039F93A /* SwizzleSELDemo */ = {
			isa = PBXGroup;
			children = (
				06379D0F1D4EE40D0039F93A /* AppDelegate.h */,
				06379D101D4EE40E0039F93A /* AppDelegate.m */,
				06379D121D4EE40E0039F93A /* ViewController.h */,
				06379D131D4EE40F0039F93A /* ViewController.m */,
				06379D151D4EE4100039F93A /* Main.storyboard */,
				06379D181D4EE4110039F93A /* Assets.xcassets */,
				06379D1A1D4EE4120039F93A /* LaunchScreen.storyboard */,
				06379D1D1D4EE4120039F93A /* Info.plist */,
				06379D0C1D4EE40D0039F93A /* Supporting Files */,
			);
			path = SwizzleSELDemo;
			sourceTree = "<group>";
		};
		06379D0C1D4EE40D0039F93A /* Supporting Files */ = {
			isa = PBXGroup;
			children = (
				06379D0D1D4EE40D0039F93A /* main.m */,
			);
			name = "Supporting Files";
			sourceTree = "<group>";
		};
		06379D251D4EE41E0039F93A /* SwizzleSELDemoTests */ = {
			isa = PBXGroup;
			children = (
				06379D261D4EE41F0039F93A /* SwizzleSELDemoTests.m */,
				06379D281D4EE41F0039F93A /* Info.plist */,
			);
			path = SwizzleSELDemoTests;
			sourceTree = "<group>";
		};
		06379D321D4EE5820039F93A /* SwizzleSel */ = {
			isa = PBXGroup;
			children = (
				06379D331D4EEAE60039F93A /* UIViewController+ActivitySwizzle.h */,
				06379D341D4EEAE60039F93A /* UIViewController+ActivitySwizzle.m */,
				06379D361D4EFBEB0039F93A /* UIViewController+ActivitySwizzleB.h */,
				06379D371D4EFBEB0039F93A /* UIViewController+ActivitySwizzleB.m */,
			);
			name = SwizzleSel;
			path = SwizzleSELDemo/SwizzleSel;
			sourceTree = "<group>";
		};
/* End PBXGroup section */

/* Begin PBXNativeTarget section */
		06379D081D4EE40D0039F93A /* SwizzleSELDemo */ = {
			isa = PBXNativeTarget;
			buildConfigurationList = 06379D2B1D4EE41F0039F93A /* Build configuration list for PBXNativeTarget "SwizzleSELDemo" */;
			buildPhases = (
				06379D051D4EE40D0039F93A /* Sources */,
				06379D061D4EE40D0039F93A /* Frameworks */,
				06379D071D4EE40D0039F93A /* Resources */,
			);
			buildRules = (
			);
			dependencies = (
			);
			name = SwizzleSELDemo;
			productName = SwizzleSELDemo;
			productReference = 06379D091D4EE40D0039F93A /* SwizzleSELDemo.app */;
			productType = "com.apple.product-type.application";
		};
		06379D211D4EE41D0039F93A /* SwizzleSELDemoTests */ = {
			isa = PBXNativeTarget;
			buildConfigurationList = 06379D2E1D4EE41F0039F93A /* Build configuration list for PBXNativeTarget "SwizzleSELDemoTests" */;
			buildPhases = (
				06379D1E1D4EE41D0039F93A /* Sources */,
				06379D1F1D4EE41D0039F93A /* Frameworks */,
				06379D201D4EE41D0039F93A /* Resources */,
			);
			buildRules = (
			);
			dependencies = (
				06379D241D4EE41D0039F93A /* PBXTargetDependency */,
			);
			name = SwizzleSELDemoTests;
			productName = SwizzleSELDemoTests;
			productReference = 06379D221D4EE41D0039F93A /* SwizzleSELDemoTests.xctest */;
			productType = "com.apple.product-type.bundle.unit-test";
		};
/* End PBXNativeTarget section */

/* Begin PBXProject section */
		06379D011D4EE40D0039F93A /* Project object */ = {
			isa = PBXProject;
			attributes = {
				LastUpgradeCheck = 0730;
				ORGANIZATIONNAME = Chausson;
				TargetAttributes = {
					06379D081D4EE40D0039F93A = {
						CreatedOnToolsVersion = 7.3;
					};
					06379D211D4EE41D0039F93A = {
						CreatedOnToolsVersion = 7.3;
						TestTargetID = 06379D081D4EE40D0039F93A;
					};
				};
			};
			buildConfigurationList = 06379D041D4EE40D0039F93A /* Build configuration list for PBXProject "SwizzleSELDemo" */;
			compatibilityVersion = "Xcode 3.2";
			developmentRegion = English;
			hasScannedForEncodings = 0;
			knownRegions = (
				en,
				Base,
			);
			mainGroup = 06379D001D4EE40D0039F93A;
			productRefGroup = 06379D0A1D4EE40D0039F93A /* Products */;
			projectDirPath = "";
			projectRoot = "";
			targets = (
				06379D081D4EE40D0039F93A /* SwizzleSELDemo */,
				06379D211D4EE41D0039F93A /* SwizzleSELDemoTests */,
			);
		};
/* End PBXProject section */

/* Begin PBXResourcesBuildPhase section */
		06379D071D4EE40D0039F93A /* Resources */ = {
			isa = PBXResourcesBuildPhase;
			buildActionMask = 2147483647;
			files = (
				06379D1C1D4EE4120039F93A /* LaunchScreen.storyboard in Resources */,
				06379D191D4EE4110039F93A /* Assets.xcassets in Resources */,
				06379D171D4EE4100039F93A /* Main.storyboard in Resources */,
			);
			runOnlyForDeploymentPostprocessing = 0;
		};
		06379D201D4EE41D0039F93A /* Resources */ = {
			isa = PBXResourcesBuildPhase;
			buildActionMask = 2147483647;
			files = (
			);
			runOnlyForDeploymentPostprocessing = 0;
		};
/* End PBXResourcesBuildPhase section */

/* Begin PBXSourcesBuildPhase section */
		06379D051D4EE40D0039F93A /* Sources */ = {
			isa = PBXSourcesBuildPhase;
			buildActionMask = 2147483647;
			files = (
				06379D141D4EE40F0039F93A /* ViewController.m in Sources */,
				06379D111D4EE40E0039F93A /* AppDelegate.m in Sources */,
				06379D351D4EEAE60039F93A /* UIViewController+ActivitySwizzle.m in Sources */,
				06379D381D4EFBEB0039F93A /* UIViewController+ActivitySwizzleB.m in Sources */,
				06379D0E1D4EE40D0039F93A /* main.m in Sources */,
			);
			runOnlyForDeploymentPostprocessing = 0;
		};
		06379D1E1D4EE41D0039F93A /* Sources */ = {
			isa = PBXSourcesBuildPhase;
			buildActionMask = 2147483647;
			files = (
				06379D271D4EE41F0039F93A /* SwizzleSELDemoTests.m in Sources */,
			);
			runOnlyForDeploymentPostprocessing = 0;
		};
/* End PBXSourcesBuildPhase section */

/* Begin PBXTargetDependency section */
		06379D241D4EE41D0039F93A /* PBXTargetDependency */ = {
			isa = PBXTargetDependency;
			target = 06379D081D4EE40D0039F93A /* SwizzleSELDemo */;
			targetProxy = 06379D231D4EE41D0039F93A /* PBXContainerItemProxy */;
		};
/* End PBXTargetDependency section */

/* Begin PBXVariantGroup section */
		06379D151D4EE4100039F93A /* Main.storyboard */ = {
			isa = PBXVariantGroup;
			children = (
				06379D161D4EE4100039F93A /* Base */,
			);
			name = Main.storyboard;
			sourceTree = "<group>";
		};
		06379D1A1D4EE4120039F93A /* LaunchScreen.storyboard */ = {
			isa = PBXVariantGroup;
			children = (
				06379D1B1D4EE4120039F93A /* Base */,
			);
			name = LaunchScreen.storyboard;
			sourceTree = "<group>";
		};
/* End PBXVariantGroup section */

/* Begin XCBuildConfiguration section */
		06379D291D4EE41F0039F93A /* Debug */ = {
			isa = XCBuildConfiguration;
			buildSettings = {
				ALWAYS_SEARCH_USER_PATHS = NO;
				CLANG_ANALYZER_NONNULL = YES;
				CLANG_CXX_LANGUAGE_STANDARD = "gnu++0x";
				CLANG_CXX_LIBRARY = "libc++";
				CLANG_ENABLE_MODULES = YES;
				CLANG_ENABLE_OBJC_ARC = YES;
				CLANG_WARN_BOOL_CONVERSION = YES;
				CLANG_WARN_CONSTANT_CONVERSION = YES;
				CLANG_WARN_DIRECT_OBJC_ISA_USAGE = YES_ERROR;
				CLANG_WARN_EMPTY_BODY = YES;
				CLANG_WARN_ENUM_CONVERSION = YES;
				CLANG_WARN_INT_CONVERSION = YES;
				CLANG_WARN_OBJC_ROOT_CLASS = YES_ERROR;
				CLANG_WARN_UNREACHABLE_CODE = YES;
				CLANG_WARN__DUPLICATE_METHOD_MATCH = YES;
				"CODE_SIGN_IDENTITY[sdk=iphoneos*]" = "iPhone Developer";
				COPY_PHASE_STRIP = NO;
				DEBUG_INFORMATION_FORMAT = dwarf;
				ENABLE_STRICT_OBJC_MSGSEND = YES;
				ENABLE_TESTABILITY = YES;
				GCC_C_LANGUAGE_STANDARD = gnu99;
				GCC_DYNAMIC_NO_PIC = NO;
				GCC_NO_COMMON_BLOCKS = YES;
				GCC_OPTIMIZATION_LEVEL = 0;
				GCC_PREPROCESSOR_DEFINITIONS = (
					"DEBUG=1",
					"$(inherited)",
				);
				GCC_WARN_64_TO_32_BIT_CONVERSION = YES;
				GCC_WARN_ABOUT_RETURN_TYPE = YES_ERROR;
				GCC_WARN_UNDECLARED_SELECTOR = YES;
				GCC_WARN_UNINITIALIZED_AUTOS = YES_AGGRESSIVE;
				GCC_WARN_UNUSED_FUNCTION = YES;
				GCC_WARN_UNUSED_VARIABLE = YES;
				IPHONEOS_DEPLOYMENT_TARGET = 9.3;
				MTL_ENABLE_DEBUG_INFO = YES;
				ONLY_ACTIVE_ARCH = YES;
				SDKROOT = iphoneos;
			};
			name = Debug;
		};
		06379D2A1D4EE41F0039F93A /* Release */ = {
			isa = XCBuildConfiguration;
			buildSettings = {
				ALWAYS_SEARCH_USER_PATHS = NO;
				CLANG_ANALYZER_NONNULL = YES;
				CLANG_CXX_LANGUAGE_STANDARD = "gnu++0x";
				CLANG_CXX_LIBRARY = "libc++";
				CLANG_ENABLE_MODULES = YES;
				CLANG_ENABLE_OBJC_ARC = YES;
				CLANG_WARN_BOOL_CONVERSION = YES;
				CLANG_WARN_CONSTANT_CONVERSION = YES;
				CLANG_WARN_DIRECT_OBJC_ISA_USAGE = YES_ERROR;
				CLANG_WARN_EMPTY_BODY = YES;
				CLANG_WARN_ENUM_CONVERSION = YES;
				CLANG_WARN_INT_CONVERSION = YES;
				CLANG_WARN_OBJC_ROOT_CLASS = YES_ERROR;
				CLANG_WARN_UNREACHABLE_CODE = YES;
				CLANG_WARN__DUPLICATE_METHOD_MATCH = YES;
				"CODE_SIGN_IDENTITY[sdk=iphoneos*]" = "iPhone Developer";
				COPY_PHASE_STRIP = NO;
				DEBUG_INFORMATION_FORMAT = "dwarf-with-dsym";
				ENABLE_NS_ASSERTIONS = NO;
				ENABLE_STRICT_OBJC_MSGSEND = YES;
				GCC_C_LANGUAGE_STANDARD = gnu99;
				GCC_NO_COMMON_BLOCKS = YES;
				GCC_WARN_64_TO_32_BIT_CONVERSION = YES;
				GCC_WARN_ABOUT_RETURN_TYPE = YES_ERROR;
				GCC_WARN_UNDECLARED_SELECTOR = YES;
				GCC_WARN_UNINITIALIZED_AUTOS = YES_AGGRESSIVE;
				GCC_WARN_UNUSED_FUNCTION = YES;
				GCC_WARN_UNUSED_VARIABLE = YES;
				IPHONEOS_DEPLOYMENT_TARGET = 9.3;
				MTL_ENABLE_DEBUG_INFO = NO;
				SDKROOT = iphoneos;
				VALIDATE_PRODUCT = YES;
			};
			name = Release;
		};
		06379D2C1D4EE41F0039F93A /* Debug */ = {
			isa = XCBuildConfiguration;
			buildSettings = {
				ASSETCATALOG_COMPILER_APPICON_NAME = AppIcon;
				INFOPLIST_FILE = SwizzleSELDemo/Info.plist;
				IPHONEOS_DEPLOYMENT_TARGET = 8.0;
				LD_RUNPATH_SEARCH_PATHS = "$(inherited) @executable_path/Frameworks";
				PRODUCT_BUNDLE_IDENTIFIER = Chausson.SwizzleSELDemo;
				PRODUCT_NAME = "$(TARGET_NAME)";
			};
			name = Debug;
		};
		06379D2D1D4EE41F0039F93A /* Release */ = {
			isa = XCBuildConfiguration;
			buildSettings = {
				ASSETCATALOG_COMPILER_APPICON_NAME = AppIcon;
				INFOPLIST_FILE = SwizzleSELDemo/Info.plist;
				IPHONEOS_DEPLOYMENT_TARGET = 8.0;
				LD_RUNPATH_SEARCH_PATHS = "$(inherited) @executable_path/Frameworks";
				PRODUCT_BUNDLE_IDENTIFIER = Chausson.SwizzleSELDemo;
				PRODUCT_NAME = "$(TARGET_NAME)";
			};
			name = Release;
		};
		06379D2F1D4EE41F0039F93A /* Debug */ = {
			isa = XCBuildConfiguration;
			buildSettings = {
				BUNDLE_LOADER = "$(TEST_HOST)";
				INFOPLIST_FILE = SwizzleSELDemoTests/Info.plist;
				LD_RUNPATH_SEARCH_PATHS = "$(inherited) @executable_path/Frameworks @loader_path/Frameworks";
				PRODUCT_BUNDLE_IDENTIFIER = Chausson.SwizzleSELDemoTests;
				PRODUCT_NAME = "$(TARGET_NAME)";
				TEST_HOST = "$(BUILT_PRODUCTS_DIR)/SwizzleSELDemo.app/SwizzleSELDemo";
			};
			name = Debug;
		};
		06379D301D4EE41F0039F93A /* Release */ = {
			isa = XCBuildConfiguration;
			buildSettings = {
				BUNDLE_LOADER = "$(TEST_HOST)";
				INFOPLIST_FILE = SwizzleSELDemoTests/Info.plist;
				LD_RUNPATH_SEARCH_PATHS = "$(inherited) @executable_path/Frameworks @loader_path/Frameworks";
				PRODUCT_BUNDLE_IDENTIFIER = Chausson.SwizzleSELDemoTests;
				PRODUCT_NAME = "$(TARGET_NAME)";
				TEST_HOST = "$(BUILT_PRODUCTS_DIR)/SwizzleSELDemo.app/SwizzleSELDemo";
			};
			name = Release;
		};
/* End XCBuildConfiguration section */

/* Begin XCConfigurationList section */
		06379D041D4EE40D0039F93A /* Build configuration list for PBXProject "SwizzleSELDemo" */ = {
			isa = XCConfigurationList;
			buildConfigurations = (
				06379D291D4EE41F0039F93A /* Debug */,
				06379D2A1D4EE41F0039F93A /* Release */,
			);
			defaultConfigurationIsVisible = 0;
			defaultConfigurationName = Release;
		};
		06379D2B1D4EE41F0039F93A /* Build configuration list for PBXNativeTarget "SwizzleSELDemo" */ = {
			isa = XCConfigurationList;
			buildConfigurations = (
				06379D2C1D4EE41F0039F93A /* Debug */,
				06379D2D1D4EE41F0039F93A /* Release */,
			);
			defaultConfigurationIsVisible = 0;
		};
		06379D2E1D4EE41F0039F93A /* Build configuration list for PBXNativeTarget "SwizzleSELDemoTests" */ = {
			isa = XCConfigurationList;
			buildConfigurations = (
				06379D2F1D4EE41F0039F93A /* Debug */,
				06379D301D4EE41F0039F93A /* Release */,
			);
			defaultConfigurationIsVisible = 0;
		};
/* End XCConfigurationList section */
	};
	rootObject = 06379D011D4EE40D0039F93A /* Project object */;
}
